[[package]]
category = "main"
description = "A small Python module for determining appropriate platform-specific dirs, e.g. a \"user data dir\"."
name = "appdirs"
optional = false
python-versions = "*"
version = "1.4.4"

[[package]]
category = "main"
description = "Classes Without Boilerplate"
name = "attrs"
optional = false
python-versions = ">=2.7, !=3.0.*, !=3.1.*, !=3.2.*, !=3.3.*"
version = "20.2.0"

[package.extras]
dev = ["coverage (>=5.0.2)", "hypothesis", "pympler", "pytest (>=4.3.0)", "six", "zope.interface", "sphinx", "sphinx-rtd-theme", "pre-commit"]
docs = ["sphinx", "sphinx-rtd-theme", "zope.interface"]
tests = ["coverage (>=5.0.2)", "hypothesis", "pympler", "pytest (>=4.3.0)", "six", "zope.interface"]
tests_no_zope = ["coverage (>=5.0.2)", "hypothesis", "pympler", "pytest (>=4.3.0)", "six"]

[[package]]
category = "main"
description = "Python package for providing Mozilla's CA Bundle."
marker = "python_version >= \"3.6\""
name = "certifi"
optional = false
python-versions = "*"
version = "2020.6.20"

[[package]]
category = "main"
description = "Foreign Function Interface for Python calling C code."
marker = "python_version >= \"3.6\""
name = "cffi"
optional = false
python-versions = "*"
version = "1.14.3"

[package.dependencies]
pycparser = "*"

[[package]]
category = "main"
description = "Universal encoding detector for Python 2 and 3"
marker = "python_version >= \"3.6\""
name = "chardet"
optional = false
python-versions = "*"
version = "3.0.4"

[[package]]
category = "main"
description = "Highly-optimized, pure-python HTTP server"
name = "cheroot"
optional = false
python-versions = "!=3.0.*,!=3.1.*,!=3.2.*,!=3.3.*,>=2.7"
version = "8.4.5"

[package.dependencies]
"jaraco.functools" = "*"
more-itertools = ">=2.6"
six = ">=1.11.0"

[package.extras]
docs = ["sphinx (>=1.8.2)", "jaraco.packaging (>=3.2)", "sphinx-tabs (>=1.1.0)", "docutils", "alabaster", "python-dateutil", "sphinxcontrib-spelling (>=5.2.0)"]
testing = ["pytest (>=4.6.6)", "pytest-mock (>=1.11.0)", "pytest-sugar (>=0.9.3)", "pytest-testmon (<1.0.0)", "pytest-watch (4.2.0)", "pytest-xdist (>=1.28.0)", "jaraco.text (>=3.1)", "codecov (2.0.22)", "trustme (>=0.4.0)", "pyopenssl", "requests-unixsocket", "portend", "requests-toolbelt", "jaraco.context", "coverage (5.1)", "pytest-cov (2.10.1)", "urllib3 (>=1.25)", "futures", "coverage (<5)", "pytest-cov (2.8.1)", "urllib3 (<1.25)", "colorama (!=0.4.2)", "pytest-forked (>=1.2.0)", "pytest-forked (>=1.1.3)"]

[[package]]
category = "main"
description = "Object-Oriented HTTP framework"
name = "cherrypy"
optional = false
python-versions = ">=3.5"
version = "18.6.0"

[package.dependencies]
cheroot = ">=8.2.1"
"jaraco.collections" = "*"
more-itertools = "*"
portend = ">=2.1.1"
pywin32 = "*"
"zc.lockfile" = "*"

[package.extras]
docs = ["sphinx", "docutils", "alabaster", "rst.linker (>=1.11)", "jaraco.packaging (>=3.2)"]
json = ["simplejson"]
memcached_session = ["python-memcached (>=1.58)"]
routes_dispatcher = ["routes (>=2.3.1)"]
ssl = ["pyopenssl"]
testing = ["coverage", "codecov", "objgraph", "pytest (>=5.3.5,<5.4.0)", "pytest-cov", "pytest-sugar", "backports.unittest-mock", "path.py", "requests-toolbelt", "pytest-services (>=2)"]
xcgi = ["flup"]

[[package]]
category = "main"
description = "Composable command line interface toolkit"
name = "click"
optional = false
python-versions = ">=2.7, !=3.0.*, !=3.1.*, !=3.2.*, !=3.3.*, !=3.4.*"
version = "7.1.2"

[[package]]
category = "main"
description = "cryptography is a package which provides cryptographic recipes and primitives to Python developers."
marker = "python_version >= \"3.6\""
name = "cryptography"
optional = false
python-versions = ">=2.7,!=3.0.*,!=3.1.*,!=3.2.*,!=3.3.*,!=3.4.*"
version = "3.1.1"

[package.dependencies]
cffi = ">=1.8,<1.11.3 || >1.11.3"
six = ">=1.4.1"

[package.extras]
docs = ["sphinx (>=1.6.5,<1.8.0 || >1.8.0,<3.1.0 || >3.1.0,<3.1.1 || >3.1.1)", "sphinx-rtd-theme"]
docstest = ["doc8", "pyenchant (>=1.6.11)", "twine (>=1.12.0)", "sphinxcontrib-spelling (>=4.0.1)"]
pep8test = ["black", "flake8", "flake8-import-order", "pep8-naming"]
ssh = ["bcrypt (>=3.1.5)"]
test = ["pytest (>=3.6.0,<3.9.0 || >3.9.0,<3.9.1 || >3.9.1,<3.9.2 || >3.9.2)", "pretend", "iso8601", "pytz", "hypothesis (>=1.11.4,<3.79.2 || >3.79.2)"]

[[package]]
category = "main"
description = "A collection of Python deprecation patterns and strategies that help you collect your technical debt in a non-destructive manner."
marker = "python_version >= \"3.6\""
name = "debtcollector"
optional = false
python-versions = ">=3.6"
version = "2.2.0"

[package.dependencies]
pbr = ">=2.0.0,<2.1.0 || >2.1.0"
six = ">=1.10.0"
wrapt = ">=1.7.0"

[[package]]
category = "main"
description = "A python package that provides useful locks."
marker = "python_version >= \"3.6\""
name = "fasteners"
optional = false
python-versions = "*"
version = "0.15"

[package.dependencies]
monotonic = ">=0.1"
six = "*"

[[package]]
category = "main"
description = "Internationalized Domain Names in Applications (IDNA)"
marker = "python_version >= \"3.6\""
name = "idna"
optional = false
python-versions = ">=2.7, !=3.0.*, !=3.1.*, !=3.2.*, !=3.3.*"
version = "2.10"

[[package]]
category = "main"
description = "Simple module to parse ISO 8601 dates"
name = "iso8601"
optional = false
python-versions = "*"
version = "0.1.13"

[[package]]
category = "main"
description = "Utility functions for Python class constructs"
name = "jaraco.classes"
optional = false
python-versions = ">=3.6"
version = "3.1.0"

[package.dependencies]
more-itertools = "*"

[package.extras]
docs = ["sphinx", "jaraco.packaging (>=3.2)", "rst.linker (>=1.9)"]
testing = ["pytest (>=3.5,<3.7.3 || >3.7.3)", "pytest-checkdocs (>=1.2.3)", "pytest-flake8", "pytest-black-multipy", "pytest-cov"]

[[package]]
category = "main"
description = "Collection objects similar to those in stdlib by jaraco"
name = "jaraco.collections"
optional = false
python-versions = ">=3.6"
version = "3.0.0"

[package.dependencies]
"jaraco.classes" = "*"
"jaraco.text" = "*"
six = ">=1.7.0"

[package.extras]
docs = ["sphinx", "jaraco.packaging (>=3.2)", "rst.linker (>=1.9)"]
testing = ["pytest (>=3.5,<3.7.3 || >3.7.3)", "pytest-checkdocs (>=1.2.3)", "pytest-flake8", "pytest-black-multipy", "pytest-cov"]

[[package]]
category = "main"
description = "Functools like those found in stdlib"
name = "jaraco.functools"
optional = false
python-versions = ">=3.6"
version = "3.0.1"

[package.dependencies]
more-itertools = "*"

[package.extras]
docs = ["sphinx", "jaraco.packaging (>=3.2)", "rst.linker (>=1.9)"]
testing = ["pytest (>=3.5,<3.7.3 || >3.7.3)", "pytest-checkdocs (>=1.2.3)", "pytest-flake8", "pytest-black (>=0.3.7)", "pytest-cov", "jaraco.classes"]

[[package]]
category = "main"
description = "Module for text manipulation"
name = "jaraco.text"
optional = false
python-versions = ">=2.7"
version = "3.2.0"

[package.dependencies]
"jaraco.functools" = "*"
six = "*"

[package.extras]
docs = ["sphinx", "jaraco.packaging (>=3.2)", "rst.linker (>=1.9)"]
testing = ["pytest (>=3.5,<3.7.3 || >3.7.3)", "pytest-checkdocs (>=1.2.3)", "pytest-flake8", "pytest-black-multipy", "pytest-cov"]

[[package]]
category = "main"
description = "An implementation of JSON Schema validation for Python"
name = "jsonschema"
optional = false
python-versions = "*"
version = "3.2.0"

[package.dependencies]
attrs = ">=17.4.0"
pyrsistent = ">=0.14.0"
setuptools = "*"
six = ">=1.11.0"

[package.extras]
format = ["idna", "jsonpointer (>1.13)", "rfc3987", "strict-rfc3339", "webcolors"]
format_nongpl = ["idna", "jsonpointer (>1.13)", "webcolors", "rfc3986-validator (>0.1.0)", "rfc3339-validator"]

[[package]]
category = "main"
description = "An implementation of time.monotonic() for Python 2 & < 3.3"
marker = "python_version >= \"3.6\""
name = "monotonic"
optional = false
python-versions = "*"
version = "1.5"

[[package]]
category = "main"
description = "More routines for operating on iterables, beyond itertools"
name = "more-itertools"
optional = false
python-versions = ">=3.5"
version = "8.5.0"

[[package]]
category = "main"
description = "MessagePack (de)serializer."
marker = "python_version >= \"3.6\""
name = "msgpack"
optional = false
python-versions = "*"
version = "1.0.0"

[[package]]
category = "main"
description = "A network address manipulation library for Python"
marker = "python_version >= \"3.6\""
name = "netaddr"
optional = false
python-versions = "*"
version = "0.8.0"

[[package]]
category = "main"
description = "Portable network interface information."
marker = "python_version >= \"3.6\""
name = "netifaces"
optional = false
python-versions = "*"
version = "0.10.9"

[[package]]
category = "main"
description = "OpenStack fault-injection library"
name = "os-faults"
optional = false
python-versions = "*"
version = "0.2.7"

[package.dependencies]
PyYAML = ">=3.10.0"
appdirs = ">=1.3.0"
click = ">=6.7"
iso8601 = ">=0.1.11"
jsonschema = ">=2.6.0"
pbr = ">=2.0.0"
six = ">=1.9.0"

[package.dependencies."oslo.concurrency"]
python = ">=3.6"
version = ">=3.0.0"

[package.dependencies."oslo.i18n"]
python = ">=3.6"
version = ">=2.1.0"

[package.dependencies."oslo.serialization"]
python = ">=3.6"
version = ">=1.10.0"

[package.dependencies."oslo.utils"]
python = ">=3.6"
version = ">=3.20.0"

[package.dependencies.pyghmi]
python = ">=3.6"
version = ">=1.0.9"

[[package]]
category = "main"
description = "Oslo Concurrency library"
marker = "python_version >= \"3.6\""
name = "oslo.concurrency"
optional = false
python-versions = ">=3.6"
version = "4.3.0"

[package.dependencies]
fasteners = ">=0.7.0"
"oslo.config" = ">=5.2.0"
"oslo.i18n" = ">=3.15.3"
"oslo.utils" = ">=3.33.0"
pbr = ">=2.0.0,<2.1.0 || >2.1.0"

[[package]]
category = "main"
description = "Oslo Configuration API"
marker = "python_version >= \"3.6\""
name = "oslo.config"
optional = false
python-versions = ">=3.6"
version = "8.3.2"

[package.dependencies]
PyYAML = ">=3.12"
debtcollector = ">=1.2.0"
netaddr = ">=0.7.18"
"oslo.i18n" = ">=3.15.3"
requests = ">=2.18.0"
rfc3986 = ">=1.2.0"
stevedore = ">=1.20.0"

[[package]]
category = "main"
description = "Oslo i18n library"
marker = "python_version >= \"3.6\""
name = "oslo.i18n"
optional = false
python-versions = ">=3.6"
version = "5.0.1"

[package.dependencies]
pbr = ">=2.0.0,<2.1.0 || >2.1.0"
six = ">=1.10.0"

[[package]]
category = "main"
description = "Oslo Serialization library"
marker = "python_version >= \"3.6\""
name = "oslo.serialization"
optional = false
python-versions = ">=3.6"
version = "4.0.1"

[package.dependencies]
msgpack = ">=0.5.2"
"oslo.utils" = ">=3.33.0"
pbr = ">=2.0.0,<2.1.0 || >2.1.0"
pytz = ">=2013.6"

[[package]]
category = "main"
description = "Oslo Utility library"
marker = "python_version >= \"3.6\""
name = "oslo.utils"
optional = false
python-versions = ">=3.6"
version = "4.6.0"

[package.dependencies]
debtcollector = ">=1.2.0"
iso8601 = ">=0.1.11"
netaddr = ">=0.7.18"
netifaces = ">=0.10.4"
"oslo.i18n" = ">=3.15.3"
packaging = ">=20.4"
pbr = ">=2.0.0,<2.1.0 || >2.1.0"
pyparsing = ">=2.1.0"
pytz = ">=2013.6"
six = ">=1.10.0"

[[package]]
category = "main"
description = "Core utilities for Python packages"
marker = "python_version >= \"3.6\""
name = "packaging"
optional = false
python-versions = ">=2.7, !=3.0.*, !=3.1.*, !=3.2.*, !=3.3.*"
version = "20.4"

[package.dependencies]
pyparsing = ">=2.0.2"
six = "*"

[[package]]
category = "main"
description = "Python Build Reasonableness"
name = "pbr"
optional = false
python-versions = ">=2.6"
version = "5.5.0"

[[package]]
category = "main"
description = "TCP port monitoring and discovery"
name = "portend"
optional = false
python-versions = ">=2.7"
version = "2.6"

[package.dependencies]
tempora = ">=1.8"

[package.extras]
docs = ["sphinx", "jaraco.packaging (>=3.2)", "rst.linker (>=1.9)"]
testing = ["pytest (>=3.5,<3.7.3 || >3.7.3)", "pytest-checkdocs", "pytest-flake8", "pytest-black-multipy", "pytest-cov"]

[[package]]
category = "main"
description = "C parser in Python"
marker = "python_version >= \"3.6\""
name = "pycparser"
optional = false
python-versions = ">=2.7, !=3.0.*, !=3.1.*, !=3.2.*, !=3.3.*"
version = "2.20"

[[package]]
category = "main"
description = "Python General Hardware Management Initiative (IPMI and others)"
marker = "python_version >= \"3.6\""
name = "pyghmi"
optional = false
python-versions = "*"
version = "1.5.0"

[package.dependencies]
cryptography = ">=2.1"

[[package]]
category = "main"
description = "Python parsing module"
marker = "python_version >= \"3.6\""
name = "pyparsing"
optional = false
python-versions = ">=2.6, !=3.0.*, !=3.1.*, !=3.2.*"
version = "2.4.7"

[[package]]
category = "main"
description = "Persistent/Functional/Immutable data structures"
name = "pyrsistent"
optional = false
python-versions = ">=3.5"
version = "0.17.3"

[[package]]
category = "main"
description = "World timezone definitions, modern and historical"
name = "pytz"
optional = false
python-versions = "*"
version = "2020.1"

[[package]]
category = "main"
description = "Python for Window Extensions"
marker = "sys_platform == \"win32\""
name = "pywin32"
optional = false
python-versions = "*"
version = "228"

[[package]]
category = "main"
description = "YAML parser and emitter for Python"
name = "pyyaml"
optional = false
python-versions = ">=2.7, !=3.0.*, !=3.1.*, !=3.2.*, !=3.3.*"
version = "5.1.2"

[[package]]
category = "main"
description = "Python HTTP for Humans."
marker = "python_version >= \"3.6\""
name = "requests"
optional = false
python-versions = ">=2.7, !=3.0.*, !=3.1.*, !=3.2.*, !=3.3.*, !=3.4.*"
version = "2.24.0"

[package.dependencies]
certifi = ">=2017.4.17"
chardet = ">=3.0.2,<4"
idna = ">=2.5,<3"
urllib3 = ">=1.21.1,<1.25.0 || >1.25.0,<1.25.1 || >1.25.1,<1.26"

[package.extras]
security = ["pyOpenSSL (>=0.14)", "cryptography (>=1.3.4)"]
socks = ["PySocks (>=1.5.6,<1.5.7 || >1.5.7)", "win-inet-pton"]

[[package]]
category = "main"
description = "Validating URI References per RFC 3986"
marker = "python_version >= \"3.6\""
name = "rfc3986"
optional = false
python-versions = "*"
version = "1.4.0"

[package.extras]
idna2008 = ["idna"]

[[package]]
category = "main"
description = "Python 2 and 3 compatibility utilities"
name = "six"
optional = false
python-versions = ">=2.7, !=3.0.*, !=3.1.*, !=3.2.*"
version = "1.15.0"

[[package]]
category = "main"
description = "Manage dynamic plugins for Python applications"
marker = "python_version >= \"3.6\""
name = "stevedore"
optional = false
python-versions = ">=3.6"
version = "3.2.2"

[package.dependencies]
pbr = ">=2.0.0,<2.1.0 || >2.1.0"

[[package]]
category = "main"
description = "Objects and routines pertaining to date and time (tempora)"
name = "tempora"
optional = false
python-versions = ">=3.6"
version = "4.0.0"

[package.dependencies]
"jaraco.functools" = ">=1.20"
pytz = "*"

[package.extras]
docs = ["sphinx", "jaraco.packaging (>=3.2)", "rst.linker (>=1.9)"]
testing = ["pytest (>=3.5,<3.7.3 || >3.7.3)", "pytest-checkdocs (>=1.2.3)", "pytest-flake8", "pytest-black (>=0.3.7)", "pytest-cov", "pytest-mypy", "backports.unittest-mock", "freezegun", "pytest-freezegun"]

[[package]]
category = "main"
description = "HTTP library with thread-safe connection pooling, file post, and more."
marker = "python_version >= \"3.6\""
name = "urllib3"
optional = false
python-versions = ">=2.7, !=3.0.*, !=3.1.*, !=3.2.*, !=3.3.*, !=3.4.*, <4"
version = "1.25.10"

[package.extras]
brotli = ["brotlipy (>=0.6.0)"]
secure = ["certifi", "cryptography (>=1.3.4)", "idna (>=2.0.0)", "pyOpenSSL (>=0.14)", "ipaddress"]
socks = ["PySocks (>=1.5.6,<1.5.7 || >1.5.7,<2.0)"]

[[package]]
category = "main"
description = "Module for decorators, wrappers and monkey patching."
marker = "python_version >= \"3.6\""
name = "wrapt"
optional = false
python-versions = "*"
version = "1.12.1"

[[package]]
category = "main"
description = "Basic inter-process locks"
name = "zc.lockfile"
optional = false
python-versions = "*"
version = "2.0"

[package.dependencies]
setuptools = "*"

[package.extras]
test = ["zope.testing"]

[metadata]
content-hash = "518ba57aba25c6734b8fc57b9788c30dc9e7788fe31f9dccf65fd6769f7aced4"
python-versions = "^3.8"

[metadata.files]
appdirs = [
    {file = "appdirs-1.4.4-py2.py3-none-any.whl", hash = "sha256:a841dacd6b99318a741b166adb07e19ee71a274450e68237b4650ca1055ab128"},
    {file = "appdirs-1.4.4.tar.gz", hash = "sha256:7d5d0167b2b1ba821647616af46a749d1c653740dd0d2415100fe26e27afdf41"},
]
attrs = [
    {file = "attrs-20.2.0-py2.py3-none-any.whl", hash = "sha256:fce7fc47dfc976152e82d53ff92fa0407700c21acd20886a13777a0d20e655dc"},
    {file = "attrs-20.2.0.tar.gz", hash = "sha256:26b54ddbbb9ee1d34d5d3668dd37d6cf74990ab23c828c2888dccdceee395594"},
]
certifi = [
    {file = "certifi-2020.6.20-py2.py3-none-any.whl", hash = "sha256:8fc0819f1f30ba15bdb34cceffb9ef04d99f420f68eb75d901e9560b8749fc41"},
    {file = "certifi-2020.6.20.tar.gz", hash = "sha256:5930595817496dd21bb8dc35dad090f1c2cd0adfaf21204bf6732ca5d8ee34d3"},
]
cffi = [
    {file = "cffi-1.14.3-2-cp27-cp27m-macosx_10_9_x86_64.whl", hash = "sha256:3eeeb0405fd145e714f7633a5173318bd88d8bbfc3dd0a5751f8c4f70ae629bc"},
    {file = "cffi-1.14.3-2-cp35-cp35m-macosx_10_9_x86_64.whl", hash = "sha256:cb763ceceae04803adcc4e2d80d611ef201c73da32d8f2722e9d0ab0c7f10768"},
    {file = "cffi-1.14.3-2-cp36-cp36m-macosx_10_9_x86_64.whl", hash = "sha256:44f60519595eaca110f248e5017363d751b12782a6f2bd6a7041cba275215f5d"},
    {file = "cffi-1.14.3-2-cp37-cp37m-macosx_10_9_x86_64.whl", hash = "sha256:c53af463f4a40de78c58b8b2710ade243c81cbca641e34debf3396a9640d6ec1"},
    {file = "cffi-1.14.3-2-cp38-cp38-macosx_10_9_x86_64.whl", hash = "sha256:33c6cdc071ba5cd6d96769c8969a0531be2d08c2628a0143a10a7dcffa9719ca"},
    {file = "cffi-1.14.3-2-cp39-cp39-macosx_10_9_x86_64.whl", hash = "sha256:c11579638288e53fc94ad60022ff1b67865363e730ee41ad5e6f0a17188b327a"},
    {file = "cffi-1.14.3-cp27-cp27m-manylinux1_i686.whl", hash = "sha256:3cb3e1b9ec43256c4e0f8d2837267a70b0e1ca8c4f456685508ae6106b1f504c"},
    {file = "cffi-1.14.3-cp27-cp27m-manylinux1_x86_64.whl", hash = "sha256:f0620511387790860b249b9241c2f13c3a80e21a73e0b861a2df24e9d6f56730"},
    {file = "cffi-1.14.3-cp27-cp27m-win32.whl", hash = "sha256:005f2bfe11b6745d726dbb07ace4d53f057de66e336ff92d61b8c7e9c8f4777d"},
    {file = "cffi-1.14.3-cp27-cp27m-win_amd64.whl", hash = "sha256:2f9674623ca39c9ebe38afa3da402e9326c245f0f5ceff0623dccdac15023e05"},
    {file = "cffi-1.14.3-cp27-cp27mu-manylinux1_i686.whl", hash = "sha256:09e96138280241bd355cd585148dec04dbbedb4f46128f340d696eaafc82dd7b"},
    {file = "cffi-1.14.3-cp27-cp27mu-manylinux1_x86_64.whl", hash = "sha256:3363e77a6176afb8823b6e06db78c46dbc4c7813b00a41300a4873b6ba63b171"},
    {file = "cffi-1.14.3-cp35-cp35m-manylinux1_i686.whl", hash = "sha256:0ef488305fdce2580c8b2708f22d7785ae222d9825d3094ab073e22e93dfe51f"},
    {file = "cffi-1.14.3-cp35-cp35m-manylinux1_x86_64.whl", hash = "sha256:0b1ad452cc824665ddc682400b62c9e4f5b64736a2ba99110712fdee5f2505c4"},
    {file = "cffi-1.14.3-cp35-cp35m-win32.whl", hash = "sha256:85ba797e1de5b48aa5a8427b6ba62cf69607c18c5d4eb747604b7302f1ec382d"},
    {file = "cffi-1.14.3-cp35-cp35m-win_amd64.whl", hash = "sha256:e66399cf0fc07de4dce4f588fc25bfe84a6d1285cc544e67987d22663393926d"},
    {file = "cffi-1.14.3-cp36-cp36m-manylinux1_i686.whl", hash = "sha256:15f351bed09897fbda218e4db5a3d5c06328862f6198d4fb385f3e14e19decb3"},
    {file = "cffi-1.14.3-cp36-cp36m-manylinux1_x86_64.whl", hash = "sha256:4d7c26bfc1ea9f92084a1d75e11999e97b62d63128bcc90c3624d07813c52808"},
    {file = "cffi-1.14.3-cp36-cp36m-manylinux2014_aarch64.whl", hash = "sha256:23e5d2040367322824605bc29ae8ee9175200b92cb5483ac7d466927a9b3d537"},
    {file = "cffi-1.14.3-cp36-cp36m-win32.whl", hash = "sha256:a624fae282e81ad2e4871bdb767e2c914d0539708c0f078b5b355258293c98b0"},
    {file = "cffi-1.14.3-cp36-cp36m-win_amd64.whl", hash = "sha256:de31b5164d44ef4943db155b3e8e17929707cac1e5bd2f363e67a56e3af4af6e"},
    {file = "cffi-1.14.3-cp37-cp37m-manylinux1_i686.whl", hash = "sha256:f92cdecb618e5fa4658aeb97d5eb3d2f47aa94ac6477c6daf0f306c5a3b9e6b1"},
    {file = "cffi-1.14.3-cp37-cp37m-manylinux1_x86_64.whl", hash = "sha256:22399ff4870fb4c7ef19fff6eeb20a8bbf15571913c181c78cb361024d574579"},
    {file = "cffi-1.14.3-cp37-cp37m-manylinux2014_aarch64.whl", hash = "sha256:f4eae045e6ab2bb54ca279733fe4eb85f1effda392666308250714e01907f394"},
    {file = "cffi-1.14.3-cp37-cp37m-win32.whl", hash = "sha256:b0358e6fefc74a16f745afa366acc89f979040e0cbc4eec55ab26ad1f6a9bfbc"},
    {file = "cffi-1.14.3-cp37-cp37m-win_amd64.whl", hash = "sha256:6642f15ad963b5092d65aed022d033c77763515fdc07095208f15d3563003869"},
    {file = "cffi-1.14.3-cp38-cp38-manylinux1_i686.whl", hash = "sha256:2791f68edc5749024b4722500e86303a10d342527e1e3bcac47f35fbd25b764e"},
    {file = "cffi-1.14.3-cp38-cp38-manylinux1_x86_64.whl", hash = "sha256:529c4ed2e10437c205f38f3691a68be66c39197d01062618c55f74294a4a4828"},
    {file = "cffi-1.14.3-cp38-cp38-manylinux2014_aarch64.whl", hash = "sha256:8f0f1e499e4000c4c347a124fa6a27d37608ced4fe9f7d45070563b7c4c370c9"},
    {file = "cffi-1.14.3-cp38-cp38-win32.whl", hash = "sha256:3b8eaf915ddc0709779889c472e553f0d3e8b7bdf62dab764c8921b09bf94522"},
    {file = "cffi-1.14.3-cp38-cp38-win_amd64.whl", hash = "sha256:bbd2f4dfee1079f76943767fce837ade3087b578aeb9f69aec7857d5bf25db15"},
    {file = "cffi-1.14.3-cp39-cp39-manylinux1_i686.whl", hash = "sha256:cc75f58cdaf043fe6a7a6c04b3b5a0e694c6a9e24050967747251fb80d7bce0d"},
    {file = "cffi-1.14.3-cp39-cp39-manylinux1_x86_64.whl", hash = "sha256:bf39a9e19ce7298f1bd6a9758fa99707e9e5b1ebe5e90f2c3913a47bc548747c"},
    {file = "cffi-1.14.3-cp39-cp39-win32.whl", hash = "sha256:d80998ed59176e8cba74028762fbd9b9153b9afc71ea118e63bbf5d4d0f9552b"},
    {file = "cffi-1.14.3-cp39-cp39-win_amd64.whl", hash = "sha256:c150eaa3dadbb2b5339675b88d4573c1be3cb6f2c33a6c83387e10cc0bf05bd3"},
    {file = "cffi-1.14.3.tar.gz", hash = "sha256:f92f789e4f9241cd262ad7a555ca2c648a98178a953af117ef7fad46aa1d5591"},
]
chardet = [
    {file = "chardet-3.0.4-py2.py3-none-any.whl", hash = "sha256:fc323ffcaeaed0e0a02bf4d117757b98aed530d9ed4531e3e15460124c106691"},
    {file = "chardet-3.0.4.tar.gz", hash = "sha256:84ab92ed1c4d4f16916e05906b6b75a6c0fb5db821cc65e70cbd64a3e2a5eaae"},
]
cheroot = [
    {file = "cheroot-8.4.5-py2.py3-none-any.whl", hash = "sha256:ab342666c8e565a55cd2baf2648be9b379269a89d47e60862a087cff9d8b33ce"},
    {file = "cheroot-8.4.5.tar.gz", hash = "sha256:b6c18caf5f79cdae668c35fc8309fc88ea4a964cce9e2ca8504fab13bcf57301"},
]
cherrypy = [
    {file = "CherryPy-18.6.0-py2.py3-none-any.whl", hash = "sha256:c0a7283f02a384c112a0a18404fd3abd849fc7fd4bec19378067150a2573d2e4"},
    {file = "CherryPy-18.6.0.tar.gz", hash = "sha256:56608edd831ad00991ae585625e0206ed61cf1a0850e4b2cc48489fb2308c499"},
]
click = [
    {file = "click-7.1.2-py2.py3-none-any.whl", hash = "sha256:dacca89f4bfadd5de3d7489b7c8a566eee0d3676333fbb50030263894c38c0dc"},
    {file = "click-7.1.2.tar.gz", hash = "sha256:d2b5255c7c6349bc1bd1e59e08cd12acbbd63ce649f2588755783aa94dfb6b1a"},
]
cryptography = [
    {file = "cryptography-3.1.1-cp27-cp27m-macosx_10_10_x86_64.whl", hash = "sha256:65beb15e7f9c16e15934569d29fb4def74ea1469d8781f6b3507ab896d6d8719"},
    {file = "cryptography-3.1.1-cp27-cp27m-manylinux1_x86_64.whl", hash = "sha256:983c0c3de4cb9fcba68fd3f45ed846eb86a2a8b8d8bc5bb18364c4d00b3c61fe"},
    {file = "cryptography-3.1.1-cp27-cp27m-manylinux2010_x86_64.whl", hash = "sha256:e97a3b627e3cb63c415a16245d6cef2139cca18bb1183d1b9375a1c14e83f3b3"},
    {file = "cryptography-3.1.1-cp27-cp27m-win32.whl", hash = "sha256:cb179acdd4ae1e4a5a160d80b87841b3d0e0be84af46c7bb2cd7ece57a39c4ba"},
    {file = "cryptography-3.1.1-cp27-cp27m-win_amd64.whl", hash = "sha256:b372026ebf32fe2523159f27d9f0e9f485092e43b00a5adacf732192a70ba118"},
    {file = "cryptography-3.1.1-cp27-cp27mu-manylinux1_x86_64.whl", hash = "sha256:680da076cad81cdf5ffcac50c477b6790be81768d30f9da9e01960c4b18a66db"},
    {file = "cryptography-3.1.1-cp27-cp27mu-manylinux2010_x86_64.whl", hash = "sha256:5d52c72449bb02dd45a773a203196e6d4fae34e158769c896012401f33064396"},
    {file = "cryptography-3.1.1-cp35-abi3-macosx_10_10_x86_64.whl", hash = "sha256:f0e099fc4cc697450c3dd4031791559692dd941a95254cb9aeded66a7aa8b9bc"},
    {file = "cryptography-3.1.1-cp35-abi3-manylinux1_x86_64.whl", hash = "sha256:a7597ffc67987b37b12e09c029bd1dc43965f75d328076ae85721b84046e9ca7"},
    {file = "cryptography-3.1.1-cp35-abi3-manylinux2010_x86_64.whl", hash = "sha256:4549b137d8cbe3c2eadfa56c0c858b78acbeff956bd461e40000b2164d9167c6"},
    {file = "cryptography-3.1.1-cp35-abi3-manylinux2014_aarch64.whl", hash = "sha256:89aceb31cd5f9fc2449fe8cf3810797ca52b65f1489002d58fe190bfb265c536"},
    {file = "cryptography-3.1.1-cp35-cp35m-win32.whl", hash = "sha256:559d622aef2a2dff98a892eef321433ba5bc55b2485220a8ca289c1ecc2bd54f"},
    {file = "cryptography-3.1.1-cp35-cp35m-win_amd64.whl", hash = "sha256:451cdf60be4dafb6a3b78802006a020e6cd709c22d240f94f7a0696240a17154"},
    {file = "cryptography-3.1.1-cp36-abi3-win32.whl", hash = "sha256:762bc5a0df03c51ee3f09c621e1cee64e3a079a2b5020de82f1613873d79ee70"},
    {file = "cryptography-3.1.1-cp36-abi3-win_amd64.whl", hash = "sha256:b12e715c10a13ca1bd27fbceed9adc8c5ff640f8e1f7ea76416352de703523c8"},
    {file = "cryptography-3.1.1-cp36-cp36m-win32.whl", hash = "sha256:21b47c59fcb1c36f1113f3709d37935368e34815ea1d7073862e92f810dc7499"},
    {file = "cryptography-3.1.1-cp36-cp36m-win_amd64.whl", hash = "sha256:48ee615a779ffa749d7d50c291761dc921d93d7cf203dca2db663b4f193f0e49"},
    {file = "cryptography-3.1.1-cp37-cp37m-win32.whl", hash = "sha256:b2bded09c578d19e08bd2c5bb8fed7f103e089752c9cf7ca7ca7de522326e921"},
    {file = "cryptography-3.1.1-cp37-cp37m-win_amd64.whl", hash = "sha256:f99317a0fa2e49917689b8cf977510addcfaaab769b3f899b9c481bbd76730c2"},
    {file = "cryptography-3.1.1-cp38-cp38-win32.whl", hash = "sha256:ab010e461bb6b444eaf7f8c813bb716be2d78ab786103f9608ffd37a4bd7d490"},
    {file = "cryptography-3.1.1-cp38-cp38-win_amd64.whl", hash = "sha256:99d4984aabd4c7182050bca76176ce2dbc9fa9748afe583a7865c12954d714ba"},
    {file = "cryptography-3.1.1.tar.gz", hash = "sha256:9d9fc6a16357965d282dd4ab6531013935425d0dc4950df2e0cf2a1b1ac1017d"},
]
debtcollector = [
    {file = "debtcollector-2.2.0-py3-none-any.whl", hash = "sha256:34663e5de257c67bf38827cfbea259c4d4ad27eba6b5a9d9242cb54076bfb4ad"},
    {file = "debtcollector-2.2.0.tar.gz", hash = "sha256:787981f4d235841bf6eb0467e23057fb1ac7ee24047c32028a8498b9128b6829"},
]
fasteners = [
    {file = "fasteners-0.15-py2.py3-none-any.whl", hash = "sha256:007e4d2b2d4a10093f67e932e5166722d2eab83b77724156e92ad013c6226574"},
    {file = "fasteners-0.15.tar.gz", hash = "sha256:3a176da6b70df9bb88498e1a18a9e4a8579ed5b9141207762368a1017bf8f5ef"},
]
idna = [
    {file = "idna-2.10-py2.py3-none-any.whl", hash = "sha256:b97d804b1e9b523befed77c48dacec60e6dcb0b5391d57af6a65a312a90648c0"},
    {file = "idna-2.10.tar.gz", hash = "sha256:b307872f855b18632ce0c21c5e45be78c0ea7ae4c15c828c20788b26921eb3f6"},
]
iso8601 = [
    {file = "iso8601-0.1.13-py2.py3-none-any.whl", hash = "sha256:694be0743e9f1535ea873bfc7bd6fb62380c62b75822761859428073a17fd39c"},
    {file = "iso8601-0.1.13-py3-none-any.whl", hash = "sha256:6f02f01dd13320a7f280e58516dc8d1950dfaf77527cc365a398cd9de4d3c692"},
    {file = "iso8601-0.1.13.tar.gz", hash = "sha256:f7dec22af52025d4526be94cc1303c7d8f5379b746a3f54a8c8446384392eeb1"},
]
"jaraco.classes" = [
    {file = "jaraco.classes-3.1.0-py2.py3-none-any.whl", hash = "sha256:116429c2047953f525afdcae165475c4589c7b14870e78b2d068ecb01018827e"},
    {file = "jaraco.classes-3.1.0.tar.gz", hash = "sha256:c38698ff8ef932eb33d91c0e8fc192ad7c44ecee03f7f585afd4f35aeaef7aab"},
]
"jaraco.collections" = [
    {file = "jaraco.collections-3.0.0-py2.py3-none-any.whl", hash = "sha256:a7889f28c80c4875bd6256d9924e8526dacfef22cd7b80ff8469b4d312f9f144"},
    {file = "jaraco.collections-3.0.0.tar.gz", hash = "sha256:be570ef4f2e7290b757449395238fa63d70a9255574624e73c5ff9f1ee554721"},
]
"jaraco.functools" = [
    {file = "jaraco.functools-3.0.1-py3-none-any.whl", hash = "sha256:d3dc9f6c1a1d45d7f59682a3bf77aceb685c1a60891606c7e4161e72ecc399ad"},
    {file = "jaraco.functools-3.0.1.tar.gz", hash = "sha256:9fedc4be3117512ca3e03e1b2ffa7a6a6ffa589bfb7d02bfb324e55d493b94f4"},
]
"jaraco.text" = [
    {file = "jaraco.text-3.2.0-py2.py3-none-any.whl", hash = "sha256:c87569c9afae14f71b2e1c57f316770ab6981ab675d9c602be1c7981161bacdd"},
    {file = "jaraco.text-3.2.0.tar.gz", hash = "sha256:e5078b1126cc0f166c7859aa75103a56c0d0f39ebcafc21695615472e0f810ec"},
]
jsonschema = [
    {file = "jsonschema-3.2.0-py2.py3-none-any.whl", hash = "sha256:4e5b3cf8216f577bee9ce139cbe72eca3ea4f292ec60928ff24758ce626cd163"},
    {file = "jsonschema-3.2.0.tar.gz", hash = "sha256:c8a85b28d377cc7737e46e2d9f2b4f44ee3c0e1deac6bf46ddefc7187d30797a"},
]
monotonic = [
    {file = "monotonic-1.5-py2.py3-none-any.whl", hash = "sha256:552a91f381532e33cbd07c6a2655a21908088962bb8fa7239ecbcc6ad1140cc7"},
    {file = "monotonic-1.5.tar.gz", hash = "sha256:23953d55076df038541e648a53676fb24980f7a1be290cdda21300b3bc21dfb0"},
]
more-itertools = [
    {file = "more-itertools-8.5.0.tar.gz", hash = "sha256:6f83822ae94818eae2612063a5101a7311e68ae8002005b5e05f03fd74a86a20"},
    {file = "more_itertools-8.5.0-py3-none-any.whl", hash = "sha256:9b30f12df9393f0d28af9210ff8efe48d10c94f73e5daf886f10c4b0b0b4f03c"},
]
msgpack = [
    {file = "msgpack-1.0.0-cp35-cp35m-manylinux1_i686.whl", hash = "sha256:cec8bf10981ed70998d98431cd814db0ecf3384e6b113366e7f36af71a0fca08"},
    {file = "msgpack-1.0.0-cp35-cp35m-manylinux1_x86_64.whl", hash = "sha256:aa5c057eab4f40ec47ea6f5a9825846be2ff6bf34102c560bad5cad5a677c5be"},
    {file = "msgpack-1.0.0-cp36-cp36m-macosx_10_13_x86_64.whl", hash = "sha256:4233b7f86c1208190c78a525cd3828ca1623359ef48f78a6fea4b91bb995775a"},
    {file = "msgpack-1.0.0-cp36-cp36m-manylinux1_i686.whl", hash = "sha256:b3758dfd3423e358bbb18a7cccd1c74228dffa7a697e5be6cb9535de625c0dbf"},
    {file = "msgpack-1.0.0-cp36-cp36m-manylinux1_x86_64.whl", hash = "sha256:25b3bc3190f3d9d965b818123b7752c5dfb953f0d774b454fd206c18fe384fb8"},
    {file = "msgpack-1.0.0-cp36-cp36m-win32.whl", hash = "sha256:e7bbdd8e2b277b77782f3ce34734b0dfde6cbe94ddb74de8d733d603c7f9e2b1"},
    {file = "msgpack-1.0.0-cp36-cp36m-win_amd64.whl", hash = "sha256:5dba6d074fac9b24f29aaf1d2d032306c27f04187651511257e7831733293ec2"},
    {file = "msgpack-1.0.0-cp37-cp37m-macosx_10_13_x86_64.whl", hash = "sha256:908944e3f038bca67fcfedb7845c4a257c7749bf9818632586b53bcf06ba4b97"},
    {file = "msgpack-1.0.0-cp37-cp37m-manylinux1_i686.whl", hash = "sha256:db685187a415f51d6b937257474ca72199f393dad89534ebbdd7d7a3b000080e"},
    {file = "msgpack-1.0.0-cp37-cp37m-manylinux1_x86_64.whl", hash = "sha256:ea41c9219c597f1d2bf6b374d951d310d58684b5de9dc4bd2976db9e1e22c140"},
    {file = "msgpack-1.0.0-cp37-cp37m-win32.whl", hash = "sha256:e35b051077fc2f3ce12e7c6a34cf309680c63a842db3a0616ea6ed25ad20d272"},
    {file = "msgpack-1.0.0-cp37-cp37m-win_amd64.whl", hash = "sha256:5bea44181fc8e18eed1d0cd76e355073f00ce232ff9653a0ae88cb7d9e643322"},
    {file = "msgpack-1.0.0-cp38-cp38-macosx_10_13_x86_64.whl", hash = "sha256:c901e8058dd6653307906c5f157f26ed09eb94a850dddd989621098d347926ab"},
    {file = "msgpack-1.0.0-cp38-cp38-manylinux1_i686.whl", hash = "sha256:271b489499a43af001a2e42f42d876bb98ccaa7e20512ff37ca78c8e12e68f84"},
    {file = "msgpack-1.0.0-cp38-cp38-manylinux1_x86_64.whl", hash = "sha256:7a22c965588baeb07242cb561b63f309db27a07382825fc98aecaf0827c1538e"},
    {file = "msgpack-1.0.0-cp38-cp38-win32.whl", hash = "sha256:002a0d813e1f7b60da599bdf969e632074f9eec1b96cbed8fb0973a63160a408"},
    {file = "msgpack-1.0.0-cp38-cp38-win_amd64.whl", hash = "sha256:39c54fdebf5fa4dda733369012c59e7d085ebdfe35b6cf648f09d16708f1be5d"},
    {file = "msgpack-1.0.0.tar.gz", hash = "sha256:9534d5cc480d4aff720233411a1f765be90885750b07df772380b34c10ecb5c0"},
]
netaddr = [
    {file = "netaddr-0.8.0-py2.py3-none-any.whl", hash = "sha256:9666d0232c32d2656e5e5f8d735f58fd6c7457ce52fc21c98d45f2af78f990ac"},
    {file = "netaddr-0.8.0.tar.gz", hash = "sha256:d6cc57c7a07b1d9d2e917aa8b36ae8ce61c35ba3fcd1b83ca31c5a0ee2b5a243"},
]
netifaces = [
    {file = "netifaces-0.10.9-cp27-cp27m-macosx_10_13_x86_64.whl", hash = "sha256:b2ff3a0a4f991d2da5376efd3365064a43909877e9fabfa801df970771161d29"},
    {file = "netifaces-0.10.9-cp27-cp27m-manylinux1_i686.whl", hash = "sha256:0c4304c6d5b33fbd9b20fdc369f3a2fef1a8bbacfb6fd05b9708db01333e9e7b"},
    {file = "netifaces-0.10.9-cp27-cp27m-manylinux1_x86_64.whl", hash = "sha256:7a25a8e28281504f0e23e181d7a9ed699c72f061ca6bdfcd96c423c2a89e75fc"},
    {file = "netifaces-0.10.9-cp27-cp27m-win32.whl", hash = "sha256:6d84e50ec28e5d766c9911dce945412dc5b1ce760757c224c71e1a9759fa80c2"},
    {file = "netifaces-0.10.9-cp27-cp27mu-manylinux1_i686.whl", hash = "sha256:f911b7f0083d445c8d24cfa5b42ad4996e33250400492080f5018a28c026db2b"},
    {file = "netifaces-0.10.9-cp27-cp27mu-manylinux1_x86_64.whl", hash = "sha256:4921ed406386246b84465950d15a4f63480c1458b0979c272364054b29d73084"},
    {file = "netifaces-0.10.9-cp33-cp33m-manylinux1_i686.whl", hash = "sha256:5b3167f923f67924b356c1338eb9ba275b2ba8d64c7c2c47cf5b5db49d574994"},
    {file = "netifaces-0.10.9-cp34-cp34m-manylinux1_i686.whl", hash = "sha256:db881478f1170c6dd524175ba1c83b99d3a6f992a35eca756de0ddc4690a1940"},
    {file = "netifaces-0.10.9-cp34-cp34m-manylinux1_x86_64.whl", hash = "sha256:f0427755c68571df37dc58835e53a4307884a48dec76f3c01e33eb0d4a3a81d7"},
    {file = "netifaces-0.10.9-cp34-cp34m-win32.whl", hash = "sha256:7cc6fd1eca65be588f001005446a47981cbe0b2909f5be8feafef3bf351a4e24"},
    {file = "netifaces-0.10.9-cp35-cp35m-manylinux1_i686.whl", hash = "sha256:b47e8f9ff6846756be3dc3fb242ca8e86752cd35a08e06d54ffc2e2a2aca70ea"},
    {file = "netifaces-0.10.9-cp35-cp35m-manylinux1_x86_64.whl", hash = "sha256:f8885cc48c8c7ad51f36c175e462840f163cb4687eeb6c6d7dfaf7197308e36b"},
    {file = "netifaces-0.10.9-cp35-cp35m-win32.whl", hash = "sha256:755050799b5d5aedb1396046f270abfc4befca9ccba3074f3dbbb3cb34f13aae"},
    {file = "netifaces-0.10.9-cp36-cp36m-macosx_10_13_x86_64.whl", hash = "sha256:ad10acab2ef691eb29a1cc52c3be5ad1423700e993cc035066049fa72999d0dc"},
    {file = "netifaces-0.10.9-cp36-cp36m-manylinux1_i686.whl", hash = "sha256:563a1a366ee0fb3d96caab79b7ac7abd2c0a0577b157cc5a40301373a0501f89"},
    {file = "netifaces-0.10.9-cp36-cp36m-manylinux1_x86_64.whl", hash = "sha256:30ed89ab8aff715caf9a9d827aa69cd02ad9f6b1896fd3fb4beb998466ed9a3c"},
    {file = "netifaces-0.10.9-cp36-cp36m-win32.whl", hash = "sha256:75d3a4ec5035db7478520ac547f7c176e9fd438269e795819b67223c486e5cbe"},
    {file = "netifaces-0.10.9-cp36-cp36m-win_amd64.whl", hash = "sha256:078986caf4d6a602a4257d3686afe4544ea74362b8928e9f4389b5cd262bc215"},
    {file = "netifaces-0.10.9-cp37-cp37m-macosx_10_14_x86_64.whl", hash = "sha256:3095218b66d359092b82f07c5422293c2f6559cf8d36b96b379cc4cdc26eeffa"},
    {file = "netifaces-0.10.9-cp37-cp37m-win32.whl", hash = "sha256:da298241d87bcf468aa0f0705ba14572ad296f24c4fda5055d6988701d6fd8e1"},
    {file = "netifaces-0.10.9-cp37-cp37m-win_amd64.whl", hash = "sha256:86b8a140e891bb23c8b9cb1804f1475eb13eea3dbbebef01fcbbf10fbafbee42"},
    {file = "netifaces-0.10.9.tar.gz", hash = "sha256:2dee9ffdd16292878336a58d04a20f0ffe95555465fee7c9bd23b3490ef2abf3"},
]
os-faults = [
    {file = "os_faults-0.2.7-py3-none-any.whl", hash = "sha256:330b3c452444dd5e4c1dc268ac8c08bb9e1600853d6eed196782ecc6df408934"},
    {file = "os_faults-0.2.7.tar.gz", hash = "sha256:13d36f308ea7e927470de0dd39ac42cff2be81d7e2e2e94738fe0d02458ef0a0"},
]
"oslo.concurrency" = [
    {file = "oslo.concurrency-4.3.0-py3-none-any.whl", hash = "sha256:71e326b3fe4c055c87501f738f30a49e6ea89f6004d678c30672c9567b2c203c"},
    {file = "oslo.concurrency-4.3.0.tar.gz", hash = "sha256:76a662a4c430f5245f739cd4ecd8b4f365dfdac0aeef26ed917823f3b31fc54f"},
]
"oslo.config" = [
    {file = "oslo.config-8.3.2-py3-none-any.whl", hash = "sha256:490bc3dc05ad69f77215dc650b1aa0a1bd5e5fb0415e925b6045552b828213aa"},
    {file = "oslo.config-8.3.2.tar.gz", hash = "sha256:c214ab7b30946b7341248edc7ea000944163b460d395af99fd182598b82d5833"},
]
"oslo.i18n" = [
    {file = "oslo.i18n-5.0.1-py3-none-any.whl", hash = "sha256:99a6453b9b7a9d1603ba6c32e6ab8c738af95f6573215682a33c8028340bdccd"},
    {file = "oslo.i18n-5.0.1.tar.gz", hash = "sha256:3484b71e30f75c437523302d1151c291caf4098928269ceec65ce535456e035b"},
]
"oslo.serialization" = [
    {file = "oslo.serialization-4.0.1-py3-none-any.whl", hash = "sha256:6ed86d8378a845a24363d036bc06aef9a5ddb5b4bbfd3478d3daedee0f2bb984"},
    {file = "oslo.serialization-4.0.1.tar.gz", hash = "sha256:f84d3dca7ffbb86394e273094c674532b6144223eca8990a38836ba99728d53e"},
]
"oslo.utils" = [
    {file = "oslo.utils-4.6.0-py3-none-any.whl", hash = "sha256:12f5b6fecd77422ad83e5822a8289d96b35a3c5a0c9e8892687badefb1516891"},
    {file = "oslo.utils-4.6.0.tar.gz", hash = "sha256:460065e6d8bff195df2b543ed0f27589be3bef233b6df98f1b9157d200102fd7"},
]
packaging = [
    {file = "packaging-20.4-py2.py3-none-any.whl", hash = "sha256:998416ba6962ae7fbd6596850b80e17859a5753ba17c32284f67bfff33784181"},
    {file = "packaging-20.4.tar.gz", hash = "sha256:4357f74f47b9c12db93624a82154e9b120fa8293699949152b22065d556079f8"},
]
pbr = [
    {file = "pbr-5.5.0-py2.py3-none-any.whl", hash = "sha256:5adc0f9fc64319d8df5ca1e4e06eea674c26b80e6f00c530b18ce6a6592ead15"},
    {file = "pbr-5.5.0.tar.gz", hash = "sha256:14bfd98f51c78a3dd22a1ef45cf194ad79eee4a19e8e1a0d5c7f8e81ffe182ea"},
]
portend = [
    {file = "portend-2.6-py2.py3-none-any.whl", hash = "sha256:62dd00b94a6a55fbf0320365fbdeba37f0d1fe14d613841037dc4780bedfda8f"},
    {file = "portend-2.6.tar.gz", hash = "sha256:600dd54175e17e9347e5f3d4217aa8bcf4bf4fa5ffbc4df034e5ec1ba7cdaff5"},
]
pycparser = [
    {file = "pycparser-2.20-py2.py3-none-any.whl", hash = "sha256:7582ad22678f0fcd81102833f60ef8d0e57288b6b5fb00323d101be910e35705"},
    {file = "pycparser-2.20.tar.gz", hash = "sha256:2d475327684562c3a96cc71adf7dc8c4f0565175cf86b6d7a404ff4c771f15f0"},
]
pyghmi = [
    {file = "pyghmi-1.5.0-py2.py3-none-any.whl", hash = "sha256:ee40f95511e30144c86ad9fce434c6abe470829f8ab7b3d85d1d6e73a1c62822"},
    {file = "pyghmi-1.5.0.tar.gz", hash = "sha256:3ea75e50e3db0db7565eed7877227d6793bf2c9f5acfb358180bc4d219c9b344"},
]
pyparsing = [
    {file = "pyparsing-2.4.7-py2.py3-none-any.whl", hash = "sha256:ef9d7589ef3c200abe66653d3f1ab1033c3c419ae9b9bdb1240a85b024efc88b"},
    {file = "pyparsing-2.4.7.tar.gz", hash = "sha256:c203ec8783bf771a155b207279b9bccb8dea02d8f0c9e5f8ead507bc3246ecc1"},
]
pyrsistent = [
    {file = "pyrsistent-0.17.3.tar.gz", hash = "sha256:2e636185d9eb976a18a8a8e96efce62f2905fea90041958d8cc2a189756ebf3e"},
]
pytz = [
    {file = "pytz-2020.1-py2.py3-none-any.whl", hash = "sha256:a494d53b6d39c3c6e44c3bec237336e14305e4f29bbf800b599253057fbb79ed"},
    {file = "pytz-2020.1.tar.gz", hash = "sha256:c35965d010ce31b23eeb663ed3cc8c906275d6be1a34393a1d73a41febf4a048"},
]
pywin32 = [
    {file = "pywin32-228-cp27-cp27m-win32.whl", hash = "sha256:37dc9935f6a383cc744315ae0c2882ba1768d9b06700a70f35dc1ce73cd4ba9c"},
    {file = "pywin32-228-cp27-cp27m-win_amd64.whl", hash = "sha256:11cb6610efc2f078c9e6d8f5d0f957620c333f4b23466931a247fb945ed35e89"},
    {file = "pywin32-228-cp35-cp35m-win32.whl", hash = "sha256:1f45db18af5d36195447b2cffacd182fe2d296849ba0aecdab24d3852fbf3f80"},
    {file = "pywin32-228-cp35-cp35m-win_amd64.whl", hash = "sha256:6e38c44097a834a4707c1b63efa9c2435f5a42afabff634a17f563bc478dfcc8"},
    {file = "pywin32-228-cp36-cp36m-win32.whl", hash = "sha256:ec16d44b49b5f34e99eb97cf270806fdc560dff6f84d281eb2fcb89a014a56a9"},
    {file = "pywin32-228-cp36-cp36m-win_amd64.whl", hash = "sha256:a60d795c6590a5b6baeacd16c583d91cce8038f959bd80c53bd9a68f40130f2d"},
    {file = "pywin32-228-cp37-cp37m-win32.whl", hash = "sha256:af40887b6fc200eafe4d7742c48417529a8702dcc1a60bf89eee152d1d11209f"},
    {file = "pywin32-228-cp37-cp37m-win_amd64.whl", hash = "sha256:00eaf43dbd05ba6a9b0080c77e161e0b7a601f9a3f660727a952e40140537de7"},
    {file = "pywin32-228-cp38-cp38-win32.whl", hash = "sha256:fa6ba028909cfc64ce9e24bcf22f588b14871980d9787f1e2002c99af8f1850c"},
    {file = "pywin32-228-cp38-cp38-win_amd64.whl", hash = "sha256:9b3466083f8271e1a5eb0329f4e0d61925d46b40b195a33413e0905dccb285e8"},
    {file = "pywin32-228-cp39-cp39-win32.whl", hash = "sha256:ed74b72d8059a6606f64842e7917aeee99159ebd6b8d6261c518d002837be298"},
    {file = "pywin32-228-cp39-cp39-win_amd64.whl", hash = "sha256:8319bafdcd90b7202c50d6014efdfe4fde9311b3ff15fd6f893a45c0868de203"},
]
pyyaml = [
    {file = "PyYAML-5.1.2-cp27-cp27m-win32.whl", hash = "sha256:5124373960b0b3f4aa7df1707e63e9f109b5263eca5976c66e08b1c552d4eaf8"},
    {file = "PyYAML-5.1.2-cp27-cp27m-win_amd64.whl", hash = "sha256:f81025eddd0327c7d4cfe9b62cf33190e1e736cc6e97502b3ec425f574b3e7a8"},
    {file = "PyYAML-5.1.2-cp34-cp34m-win32.whl", hash = "sha256:0113bc0ec2ad727182326b61326afa3d1d8280ae1122493553fd6f4397f33df9"},
    {file = "PyYAML-5.1.2-cp34-cp34m-win_amd64.whl", hash = "sha256:5ca4f10adbddae56d824b2c09668e91219bb178a1eee1faa56af6f99f11bf696"},
    {file = "PyYAML-5.1.2-cp35-cp35m-win32.whl", hash = "sha256:bf47c0607522fdbca6c9e817a6e81b08491de50f3766a7a0e6a5be7905961b41"},
    {file = "PyYAML-5.1.2-cp35-cp35m-win_amd64.whl", hash = "sha256:87ae4c829bb25b9fe99cf71fbb2140c448f534e24c998cc60f39ae4f94396a73"},
    {file = "PyYAML-5.1.2-cp36-cp36m-win32.whl", hash = "sha256:9de9919becc9cc2ff03637872a440195ac4241c80536632fffeb6a1e25a74299"},
    {file = "PyYAML-5.1.2-cp36-cp36m-win_amd64.whl", hash = "sha256:a5a85b10e450c66b49f98846937e8cfca1db3127a9d5d1e31ca45c3d0bef4c5b"},
    {file = "PyYAML-5.1.2-cp37-cp37m-win32.whl", hash = "sha256:b0997827b4f6a7c286c01c5f60384d218dca4ed7d9efa945c3e1aa623d5709ae"},
    {file = "PyYAML-5.1.2-cp37-cp37m-win_amd64.whl", hash = "sha256:7907be34ffa3c5a32b60b95f4d95ea25361c951383a894fec31be7252b2b6f34"},
    {file = "PyYAML-5.1.2-cp38-cp38m-win32.whl", hash = "sha256:7ec9b2a4ed5cad025c2278a1e6a19c011c80a3caaac804fd2d329e9cc2c287c9"},
    {file = "PyYAML-5.1.2-cp38-cp38m-win_amd64.whl", hash = "sha256:b631ef96d3222e62861443cc89d6563ba3eeb816eeb96b2629345ab795e53681"},
    {file = "PyYAML-5.1.2.tar.gz", hash = "sha256:01adf0b6c6f61bd11af6e10ca52b7d4057dd0be0343eb9283c878cf3af56aee4"},
]
requests = [
    {file = "requests-2.24.0-py2.py3-none-any.whl", hash = "sha256:fe75cc94a9443b9246fc7049224f75604b113c36acb93f87b80ed42c44cbb898"},
    {file = "requests-2.24.0.tar.gz", hash = "sha256:b3559a131db72c33ee969480840fff4bb6dd111de7dd27c8ee1f820f4f00231b"},
]
rfc3986 = [
    {file = "rfc3986-1.4.0-py2.py3-none-any.whl", hash = "sha256:af9147e9aceda37c91a05f4deb128d4b4b49d6b199775fd2d2927768abdc8f50"},
    {file = "rfc3986-1.4.0.tar.gz", hash = "sha256:112398da31a3344dc25dbf477d8df6cb34f9278a94fee2625d89e4514be8bb9d"},
]
six = [
    {file = "six-1.15.0-py2.py3-none-any.whl", hash = "sha256:8b74bedcbbbaca38ff6d7491d76f2b06b3592611af620f8426e82dddb04a5ced"},
    {file = "six-1.15.0.tar.gz", hash = "sha256:30639c035cdb23534cd4aa2dd52c3bf48f06e5f4a941509c8bafd8ce11080259"},
]
stevedore = [
    {file = "stevedore-3.2.2-py3-none-any.whl", hash = "sha256:5e1ab03eaae06ef6ce23859402de785f08d97780ed774948ef16c4652c41bc62"},
    {file = "stevedore-3.2.2.tar.gz", hash = "sha256:f845868b3a3a77a2489d226568abe7328b5c2d4f6a011cc759dfa99144a521f0"},
]
tempora = [
    {file = "tempora-4.0.0-py3-none-any.whl", hash = "sha256:9f46de767be7dd21d9602a8a5b0978fd55abc70af3e2a7814c85c00d7a8fffa3"},
    {file = "tempora-4.0.0.tar.gz", hash = "sha256:599a3a910b377f2b544c7b221582ecf4cb049b017c994b37f2b1a9ed1099716e"},
]
urllib3 = [
    {file = "urllib3-1.25.10-py2.py3-none-any.whl", hash = "sha256:e7983572181f5e1522d9c98453462384ee92a0be7fac5f1413a1e35c56cc0461"},
    {file = "urllib3-1.25.10.tar.gz", hash = "sha256:91056c15fa70756691db97756772bb1eb9678fa585d9184f24534b100dc60f4a"},
]
wrapt = [
    {file = "wrapt-1.12.1.tar.gz", hash = "sha256:b62ffa81fb85f4332a4f609cab4ac40709470da05643a082ec1eb88e6d9b97d7"},
]
"zc.lockfile" = [
    {file = "zc.lockfile-2.0-py2.py3-none-any.whl", hash = "sha256:cc33599b549f0c8a248cb72f3bf32d77712de1ff7ee8814312eb6456b42c015f"},
    {file = "zc.lockfile-2.0.tar.gz", hash = "sha256:307ad78227e48be260e64896ec8886edc7eae22d8ec53e4d528ab5537a83203b"},
]
